
Microsoft Visual Studio Solution File, Format Version 12.00
# Visual Studio Version 17
VisualStudioVersion = 17.4.33213.308
MinimumVisualStudioVersion = 10.0.40219.1
Project("{FAE04EC0-301F-11D3-BF4B-00C04F79EFBC}") = "SistemaLogin", "SistemaLogin\SistemaLogin.csproj", "{8B767FDD-B8E4-4DEC-9939-627D2E685CFD}"
EndProject
Global
	GlobalSection(SolutionConfigurationPlatforms) = preSolution
		Debug|Any CPU = Debug|Any CPU
		Release|Any CPU = Release|Any CPU
	EndGlobalSection
	GlobalSection(ProjectConfigurationPlatforms) = postSolution
		{8B767FDD-B8E4-4DEC-9939-627D2E685CFD}.Debug|Any CPU.ActiveCfg = Debug|Any CPU
		{8B767FDD-B8E4-4DEC-9939-627D2E685CFD}.Debug|Any CPU.Build.0 = Debug|Any CPU
		{8B767FDD-B8E4-4DEC-9939-627D2E685CFD}.Release|Any CPU.ActiveCfg = Release|Any CPU
		{8B767FDD-B8E4-4DEC-9939-627D2E685CFD}.Release|Any CPU.Build.0 = Release|Any CPU
	EndGlobalSection
	GlobalSection(SolutionProperties) = preSolution
		HideSolutionNode = FALSE
	EndGlobalSection
	GlobalSection(ExtensibilityGlobals) = postSolution
		SolutionGuid = {135A2B20-969D-4837-A161-9E44118B4BE6}
	EndGlobalSection
EndGlobal
