
Microsoft Visual Studio Solution File, Format Version 12.00
# Visual Studio Version 17
VisualStudioVersion = 17.4.33213.308
MinimumVisualStudioVersion = 10.0.40219.1
Project("{FAE04EC0-301F-11D3-BF4B-00C04F79EFBC}") = "MediaGeralPOO", "MediaGeralPOO\MediaGeralPOO.csproj", "{85FA3D0B-5F47-4157-A8DD-95AAEB347AAE}"
EndProject
Global
	GlobalSection(SolutionConfigurationPlatforms) = preSolution
		Debug|Any CPU = Debug|Any CPU
		Release|Any CPU = Release|Any CPU
	EndGlobalSection
	GlobalSection(ProjectConfigurationPlatforms) = postSolution
		{85FA3D0B-5F47-4157-A8DD-95AAEB347AAE}.Debug|Any CPU.ActiveCfg = Debug|Any CPU
		{85FA3D0B-5F47-4157-A8DD-95AAEB347AAE}.Debug|Any CPU.Build.0 = Debug|Any CPU
		{85FA3D0B-5F47-4157-A8DD-95AAEB347AAE}.Release|Any CPU.ActiveCfg = Release|Any CPU
		{85FA3D0B-5F47-4157-A8DD-95AAEB347AAE}.Release|Any CPU.Build.0 = Release|Any CPU
	EndGlobalSection
	GlobalSection(SolutionProperties) = preSolution
		HideSolutionNode = FALSE
	EndGlobalSection
	GlobalSection(ExtensibilityGlobals) = postSolution
		SolutionGuid = {41549CEA-3DFF-4038-A2DC-AAF6BA141E77}
	EndGlobalSection
EndGlobal
